
Microsoft Visual Studio Solution File, Format Version 12.00
# Visual Studio Version 17
VisualStudioVersion = 17.12.35514.174
MinimumVisualStudioVersion = 10.0.40219.1
Project("{FAE04EC0-301F-11D3-BF4B-00C04F79EFBC}") = "PrimerParcial.Web", "PrimerParcial.Web\PrimerParcial.Web.csproj", "{0BCA8913-9215-4CB2-BAD9-51D887C83C68}"
EndProject
Project("{FAE04EC0-301F-11D3-BF4B-00C04F79EFBC}") = "PrimerParcial.Entidades", "PrimerParcial.Entidades\PrimerParcial.Entidades.csproj", "{5F67883C-4BA5-43AD-BDE0-2684C288E138}"
EndProject
Project("{FAE04EC0-301F-11D3-BF4B-00C04F79EFBC}") = "PrimerParcial.Logica", "PrimerParcial.Logica\PrimerParcial.Logica.csproj", "{FB1D1BA4-8B57-46B9-A3C4-65A583315212}"
EndProject
Global
	GlobalSection(SolutionConfigurationPlatforms) = preSolution
		Debug|Any CPU = Debug|Any CPU
		Release|Any CPU = Release|Any CPU
	EndGlobalSection
	GlobalSection(ProjectConfigurationPlatforms) = postSolution
		{0BCA8913-9215-4CB2-BAD9-51D887C83C68}.Debug|Any CPU.ActiveCfg = Debug|Any CPU
		{0BCA8913-9215-4CB2-BAD9-51D887C83C68}.Debug|Any CPU.Build.0 = Debug|Any CPU
		{0BCA8913-9215-4CB2-BAD9-51D887C83C68}.Release|Any CPU.ActiveCfg = Release|Any CPU
		{0BCA8913-9215-4CB2-BAD9-51D887C83C68}.Release|Any CPU.Build.0 = Release|Any CPU
		{5F67883C-4BA5-43AD-BDE0-2684C288E138}.Debug|Any CPU.ActiveCfg = Debug|Any CPU
		{5F67883C-4BA5-43AD-BDE0-2684C288E138}.Debug|Any CPU.Build.0 = Debug|Any CPU
		{5F67883C-4BA5-43AD-BDE0-2684C288E138}.Release|Any CPU.ActiveCfg = Release|Any CPU
		{5F67883C-4BA5-43AD-BDE0-2684C288E138}.Release|Any CPU.Build.0 = Release|Any CPU
		{FB1D1BA4-8B57-46B9-A3C4-65A583315212}.Debug|Any CPU.ActiveCfg = Debug|Any CPU
		{FB1D1BA4-8B57-46B9-A3C4-65A583315212}.Debug|Any CPU.Build.0 = Debug|Any CPU
		{FB1D1BA4-8B57-46B9-A3C4-65A583315212}.Release|Any CPU.ActiveCfg = Release|Any CPU
		{FB1D1BA4-8B57-46B9-A3C4-65A583315212}.Release|Any CPU.Build.0 = Release|Any CPU
	EndGlobalSection
	GlobalSection(SolutionProperties) = preSolution
		HideSolutionNode = FALSE
	EndGlobalSection
EndGlobal
